
Microsoft Visual Studio Solution File, Format Version 12.00
# Visual Studio 15
VisualStudioVersion = 15.0.28307.1000
MinimumVisualStudioVersion = 10.0.40219.1
Project("{00D1A9C2-B5F0-4AF3-8072-F6C62B433612}") = "SqlTelegram", "SqlTelegram\SqlTelegram.sqlproj", "{E493F856-7BB1-4A96-87CC-D3FF25F458F1}"
EndProject
Global
	GlobalSection(SolutionConfigurationPlatforms) = preSolution
		Debug|Any CPU = Debug|Any CPU
		Release|Any CPU = Release|Any CPU
	EndGlobalSection
	GlobalSection(ProjectConfigurationPlatforms) = postSolution
		{E493F856-7BB1-4A96-87CC-D3FF25F458F1}.Debug|Any CPU.ActiveCfg = Debug|Any CPU
		{E493F856-7BB1-4A96-87CC-D3FF25F458F1}.Debug|Any CPU.Build.0 = Debug|Any CPU
		{E493F856-7BB1-4A96-87CC-D3FF25F458F1}.Debug|Any CPU.Deploy.0 = Debug|Any CPU
		{E493F856-7BB1-4A96-87CC-D3FF25F458F1}.Release|Any CPU.ActiveCfg = Release|Any CPU
		{E493F856-7BB1-4A96-87CC-D3FF25F458F1}.Release|Any CPU.Build.0 = Release|Any CPU
		{E493F856-7BB1-4A96-87CC-D3FF25F458F1}.Release|Any CPU.Deploy.0 = Release|Any CPU
	EndGlobalSection
	GlobalSection(SolutionProperties) = preSolution
		HideSolutionNode = FALSE
	EndGlobalSection
	GlobalSection(ExtensibilityGlobals) = postSolution
		SolutionGuid = {7D1B4ACA-16BD-43FF-9682-8F9FD96A4CC6}
	EndGlobalSection
EndGlobal
